{
  "requires": true,
  "lockfileVersion": 1,
  "dependencies": {
    "@reactivex/rxjs": {
      "version": "5.5.6",
      "resolved": "https://registry.npmjs.org/@reactivex/rxjs/-/rxjs-5.5.6.tgz",
      "integrity": "sha512-lIc+Yc18M8MG6oJ6OlPIPZ6jJ2QtOEKaGFefnl/41QlZymjuLiYa+gu/56V/0oTj6FNuE+4qiGjRE5OnlIDiOg==",
      "requires": {
        "symbol-observable": "1.0.1"
      }
    },
    "symbol-observable": {
      "version": "1.0.1",
      "resolved": "https://registry.npmjs.org/symbol-observable/-/symbol-observable-1.0.1.tgz",
      "integrity": "sha1-g0D8RwLDEi310iKI+IKD9RPT/dQ="
    }
  }
}
